
Microsoft Visual Studio Solution File, Format Version 12.00
# Visual Studio Version 16
VisualStudioVersion = 16.0.30523.141
MinimumVisualStudioVersion = 10.0.40219.1
Project("{FAE04EC0-301F-11D3-BF4B-00C04F79EFBC}") = "SharpMessaging.LabApp", "SharpMessaging.LabApp\SharpMessaging.LabApp.csproj", "{BCC4DEB2-E98D-4D0A-B41E-F8776291EED9}"
EndProject
Project("{FAE04EC0-301F-11D3-BF4B-00C04F79EFBC}") = "SharpMessaging.Core.Tests", "SharpMessaging.Core.Tests\SharpMessaging.Core.Tests.csproj", "{B66F35DA-08DC-4FB0-AB36-A3C449703FFE}"
EndProject
Project("{FAE04EC0-301F-11D3-BF4B-00C04F79EFBC}") = "SharpMessaging.Core", "SharpMessaging.Core\SharpMessaging.Core.csproj", "{53EDFB0D-BFF1-4C44-B71D-F66B47D5A1C4}"
EndProject
Global
	GlobalSection(SolutionConfigurationPlatforms) = preSolution
		Debug|Any CPU = Debug|Any CPU
		Release|Any CPU = Release|Any CPU
	EndGlobalSection
	GlobalSection(ProjectConfigurationPlatforms) = postSolution
		{BCC4DEB2-E98D-4D0A-B41E-F8776291EED9}.Debug|Any CPU.ActiveCfg = Debug|Any CPU
		{BCC4DEB2-E98D-4D0A-B41E-F8776291EED9}.Debug|Any CPU.Build.0 = Debug|Any CPU
		{BCC4DEB2-E98D-4D0A-B41E-F8776291EED9}.Release|Any CPU.ActiveCfg = Release|Any CPU
		{BCC4DEB2-E98D-4D0A-B41E-F8776291EED9}.Release|Any CPU.Build.0 = Release|Any CPU
		{B66F35DA-08DC-4FB0-AB36-A3C449703FFE}.Debug|Any CPU.ActiveCfg = Debug|Any CPU
		{B66F35DA-08DC-4FB0-AB36-A3C449703FFE}.Debug|Any CPU.Build.0 = Debug|Any CPU
		{B66F35DA-08DC-4FB0-AB36-A3C449703FFE}.Release|Any CPU.ActiveCfg = Release|Any CPU
		{B66F35DA-08DC-4FB0-AB36-A3C449703FFE}.Release|Any CPU.Build.0 = Release|Any CPU
		{53EDFB0D-BFF1-4C44-B71D-F66B47D5A1C4}.Debug|Any CPU.ActiveCfg = Debug|Any CPU
		{53EDFB0D-BFF1-4C44-B71D-F66B47D5A1C4}.Debug|Any CPU.Build.0 = Debug|Any CPU
		{53EDFB0D-BFF1-4C44-B71D-F66B47D5A1C4}.Release|Any CPU.ActiveCfg = Release|Any CPU
		{53EDFB0D-BFF1-4C44-B71D-F66B47D5A1C4}.Release|Any CPU.Build.0 = Release|Any CPU
	EndGlobalSection
	GlobalSection(SolutionProperties) = preSolution
		HideSolutionNode = FALSE
	EndGlobalSection
	GlobalSection(ExtensibilityGlobals) = postSolution
		SolutionGuid = {45B00211-DEE2-4F6E-9B7D-943EAF6BA6DC}
	EndGlobalSection
EndGlobal
